{
    "_readme": [
        "This file locks the dependencies of your project to a known state",
        "Read more about it at https://getcomposer.org/doc/01-basic-usage.md#installing-dependencies",
        "This file is @generated automatically"
    ],
    "content-hash": "b41b185586b29203ac15650567ecf9dc",
    "packages": [
        {
            "name": "gilmae/scratch",
            "version": "dev-master",
            "source": {
                "type": "git",
                "url": "https://github.com/gilmae/scratch.git",
                "reference": "5e331eb3de7eb7f0344e0b7cad8b195c85a655dd"
            },
            "dist": {
                "type": "zip",
                "url": "https://api.github.com/repos/gilmae/scratch/zipball/5e331eb3de7eb7f0344e0b7cad8b195c85a655dd",
                "reference": "5e331eb3de7eb7f0344e0b7cad8b195c85a655dd",
                "shasum": ""
            },
            "type": "library",
            "license": [
                "GPL-3.0-or-later"
            ],
            "authors": [
                {
                    "name": "gilmae",
                    "email": "avocadia@fastmail.fm"
                }
            ],
            "description": "A set of utilities to bootstrap a basic web site. It's more or less Rack plus some additional stuff.",
            "support": {
                "source": "https://github.com/gilmae/scratch/tree/master",
                "issues": "https://github.com/gilmae/scratch/issues"
            },
            "time": "2018-12-31T03:41:15+00:00"
        }
    ],
    "packages-dev": [],
    "aliases": [],
    "minimum-stability": "dev",
    "stability-flags": {
        "gilmae/scratch": 20
    },
    "prefer-stable": false,
    "prefer-lowest": false,
    "platform": [],
    "platform-dev": []
}
